
Microsoft Visual Studio Solution File, Format Version 12.00
# Visual Studio Version 16
VisualStudioVersion = 16.0.33328.57
MinimumVisualStudioVersion = 10.0.40219.1
Project("{FAE04EC0-301F-11D3-BF4B-00C04F79EFBC}") = "Intex_group1-8", "Intex_group1-8.csproj", "{562F172B-6BBC-44B5-B009-DEDDFB6FD001}"
EndProject
Global
	GlobalSection(SolutionConfigurationPlatforms) = preSolution
		Debug|Any CPU = Debug|Any CPU
		Release|Any CPU = Release|Any CPU
	EndGlobalSection
	GlobalSection(ProjectConfigurationPlatforms) = postSolution
		{562F172B-6BBC-44B5-B009-DEDDFB6FD001}.Debug|Any CPU.ActiveCfg = Debug|Any CPU
		{562F172B-6BBC-44B5-B009-DEDDFB6FD001}.Debug|Any CPU.Build.0 = Debug|Any CPU
		{562F172B-6BBC-44B5-B009-DEDDFB6FD001}.Release|Any CPU.ActiveCfg = Release|Any CPU
		{562F172B-6BBC-44B5-B009-DEDDFB6FD001}.Release|Any CPU.Build.0 = Release|Any CPU
	EndGlobalSection
	GlobalSection(SolutionProperties) = preSolution
		HideSolutionNode = FALSE
	EndGlobalSection
	GlobalSection(ExtensibilityGlobals) = postSolution
		SolutionGuid = {83F84F3A-F1C2-4CC2-9F1C-E8A0B6091FC9}
	EndGlobalSection
EndGlobal
